
Microsoft Visual Studio Solution File, Format Version 12.00
# Visual Studio Version 17
VisualStudioVersion = 17.3.32901.215
MinimumVisualStudioVersion = 10.0.40219.1
Project("{FAE04EC0-301F-11D3-BF4B-00C04F79EFBC}") = "SQ.SecurityService.Repository", "SQ.SecurityService.Repository\SQ.SecurityService.Repository.csproj", "{C5D6832F-E910-499D-B093-50CF0142A1D2}"
EndProject
Global
	GlobalSection(SolutionConfigurationPlatforms) = preSolution
		Debug|Any CPU = Debug|Any CPU
		Release|Any CPU = Release|Any CPU
	EndGlobalSection
	GlobalSection(ProjectConfigurationPlatforms) = postSolution
		{C5D6832F-E910-499D-B093-50CF0142A1D2}.Debug|Any CPU.ActiveCfg = Debug|Any CPU
		{C5D6832F-E910-499D-B093-50CF0142A1D2}.Debug|Any CPU.Build.0 = Debug|Any CPU
		{C5D6832F-E910-499D-B093-50CF0142A1D2}.Release|Any CPU.ActiveCfg = Release|Any CPU
		{C5D6832F-E910-499D-B093-50CF0142A1D2}.Release|Any CPU.Build.0 = Release|Any CPU
	EndGlobalSection
	GlobalSection(SolutionProperties) = preSolution
		HideSolutionNode = FALSE
	EndGlobalSection
	GlobalSection(ExtensibilityGlobals) = postSolution
		SolutionGuid = {2245116C-8DA7-4063-9A80-02C1B9456B52}
	EndGlobalSection
EndGlobal
